
Microsoft Visual Studio Solution File, Format Version 12.00
# Visual Studio Version 17
VisualStudioVersion = 17.5.002.0
MinimumVisualStudioVersion = 10.0.40219.1
Project("{9A19103F-16F7-4668-BE54-9A1E7A4F7556}") = "InscripcionesApi", "InscripcionesApi.csproj", "{25E9757C-73FA-4D3F-802A-CC93A19C58F7}"
EndProject
Global
	GlobalSection(SolutionConfigurationPlatforms) = preSolution
		Debug|Any CPU = Debug|Any CPU
		Release|Any CPU = Release|Any CPU
	EndGlobalSection
	GlobalSection(ProjectConfigurationPlatforms) = postSolution
		{25E9757C-73FA-4D3F-802A-CC93A19C58F7}.Debug|Any CPU.ActiveCfg = Debug|Any CPU
		{25E9757C-73FA-4D3F-802A-CC93A19C58F7}.Debug|Any CPU.Build.0 = Debug|Any CPU
		{25E9757C-73FA-4D3F-802A-CC93A19C58F7}.Release|Any CPU.ActiveCfg = Release|Any CPU
		{25E9757C-73FA-4D3F-802A-CC93A19C58F7}.Release|Any CPU.Build.0 = Release|Any CPU
	EndGlobalSection
	GlobalSection(SolutionProperties) = preSolution
		HideSolutionNode = FALSE
	EndGlobalSection
	GlobalSection(ExtensibilityGlobals) = postSolution
		SolutionGuid = {36CDD1F5-197E-4F28-8643-0A2F18019B00}
	EndGlobalSection
EndGlobal
